
Microsoft Visual Studio Solution File, Format Version 12.00
# Visual Studio 15
VisualStudioVersion = 15.0.27703.2035
MinimumVisualStudioVersion = 10.0.40219.1
Project("{FAE04EC0-301F-11D3-BF4B-00C04F79EFBC}") = "Carubbi.Security", "Carubbi.Security\Carubbi.Security.csproj", "{F827D770-A4CB-41B5-BE7F-3CE05BCD958E}"
EndProject
Global
	GlobalSection(SolutionConfigurationPlatforms) = preSolution
		Debug|Any CPU = Debug|Any CPU
		Release|Any CPU = Release|Any CPU
	EndGlobalSection
	GlobalSection(ProjectConfigurationPlatforms) = postSolution
		{F827D770-A4CB-41B5-BE7F-3CE05BCD958E}.Debug|Any CPU.ActiveCfg = Debug|Any CPU
		{F827D770-A4CB-41B5-BE7F-3CE05BCD958E}.Debug|Any CPU.Build.0 = Debug|Any CPU
		{F827D770-A4CB-41B5-BE7F-3CE05BCD958E}.Release|Any CPU.ActiveCfg = Release|Any CPU
		{F827D770-A4CB-41B5-BE7F-3CE05BCD958E}.Release|Any CPU.Build.0 = Release|Any CPU
	EndGlobalSection
	GlobalSection(SolutionProperties) = preSolution
		HideSolutionNode = FALSE
	EndGlobalSection
	GlobalSection(ExtensibilityGlobals) = postSolution
		SolutionGuid = {1AB04734-D78C-47F0-9A28-89BA64E5F059}
	EndGlobalSection
EndGlobal
